// !$*UTF8*$!
{
	archiveVersion = 1;
	classes = {
	};
	objectVersion = 46;
	objects = {

/* Begin PBXBuildFile section */
		B01FA9A21ECB7F8900B77B5F /* AppDelegate.swift in Sources */ = {isa = PBXBuildFile; fileRef = B01FA9A11ECB7F8900B77B5F /* AppDelegate.swift */; };
		B01FA9A81ECB7F8900B77B5F /* GameScene.swift in Sources */ = {isa = PBXBuildFile; fileRef = B01FA9A71ECB7F8900B77B5F /* GameScene.swift */; };
		B01FA9AA1ECB7F8900B77B5F /* GameViewController.swift in Sources */ = {isa = PBXBuildFile; fileRef = B01FA9A91ECB7F8900B77B5F /* GameViewController.swift */; };
		B01FA9AD1ECB7F8900B77B5F /* Main.storyboard in Resources */ = {isa = PBXBuildFile; fileRef = B01FA9AB1ECB7F8900B77B5F /* Main.storyboard */; };
		B01FA9AF1ECB7F8900B77B5F /* Assets.xcassets in Resources */ = {isa = PBXBuildFile; fileRef = B01FA9AE1ECB7F8900B77B5F /* Assets.xcassets */; };
		B01FA9B21ECB7F8900B77B5F /* LaunchScreen.storyboard in Resources */ = {isa = PBXBuildFile; fileRef = B01FA9B01ECB7F8900B77B5F /* LaunchScreen.storyboard */; };
		B01FA9BD1ECB7F8900B77B5F /* STHTests.swift in Sources */ = {isa = PBXBuildFile; fileRef = B01FA9BC1ECB7F8900B77B5F /* STHTests.swift */; };
		B01FA9C81ECB7F8900B77B5F /* STHUITests.swift in Sources */ = {isa = PBXBuildFile; fileRef = B01FA9C71ECB7F8900B77B5F /* STHUITests.swift */; };
		B023F09D1EE44373009F8271 /* Running.atlas in Resources */ = {isa = PBXBuildFile; fileRef = B023F09C1EE44373009F8271 /* Running.atlas */; };
		B098E9051F482A6C00EBB4BE /* Player.swift in Sources */ = {isa = PBXBuildFile; fileRef = B098E9041F482A6C00EBB4BE /* Player.swift */; };
		B098E9071F4835C600EBB4BE /* Foreground.swift in Sources */ = {isa = PBXBuildFile; fileRef = B098E9061F4835C600EBB4BE /* Foreground.swift */; };
		B098E9091F4835D100EBB4BE /* Background.swift in Sources */ = {isa = PBXBuildFile; fileRef = B098E9081F4835D100EBB4BE /* Background.swift */; };
/* End PBXBuildFile section */

/* Begin PBXContainerItemProxy section */
		B01FA9B91ECB7F8900B77B5F /* PBXContainerItemProxy */ = {
			isa = PBXContainerItemProxy;
			containerPortal = B01FA9961ECB7F8900B77B5F /* Project object */;
			proxyType = 1;
			remoteGlobalIDString = B01FA99D1ECB7F8900B77B5F;
			remoteInfo = STH;
		};
		B01FA9C41ECB7F8900B77B5F /* PBXContainerItemProxy */ = {
			isa = PBXContainerItemProxy;
			containerPortal = B01FA9961ECB7F8900B77B5F /* Project object */;
			proxyType = 1;
			remoteGlobalIDString = B01FA99D1ECB7F8900B77B5F;
			remoteInfo = STH;
		};
/* End PBXContainerItemProxy section */

/* Begin PBXFileReference section */
		B01FA99E1ECB7F8900B77B5F /* STH.app */ = {isa = PBXFileReference; explicitFileType = wrapper.application; includeInIndex = 0; path = STH.app; sourceTree = BUILT_PRODUCTS_DIR; };
		B01FA9A11ECB7F8900B77B5F /* AppDelegate.swift */ = {isa = PBXFileReference; lastKnownFileType = sourcecode.swift; path = AppDelegate.swift; sourceTree = "<group>"; };
		B01FA9A71ECB7F8900B77B5F /* GameScene.swift */ = {isa = PBXFileReference; lastKnownFileType = sourcecode.swift; path = GameScene.swift; sourceTree = "<group>"; };
		B01FA9A91ECB7F8900B77B5F /* GameViewController.swift */ = {isa = PBXFileReference; lastKnownFileType = sourcecode.swift; path = GameViewController.swift; sourceTree = "<group>"; };
		B01FA9AC1ECB7F8900B77B5F /* Base */ = {isa = PBXFileReference; lastKnownFileType = file.storyboard; name = Base; path = Base.lproj/Main.storyboard; sourceTree = "<group>"; };
		B01FA9AE1ECB7F8900B77B5F /* Assets.xcassets */ = {isa = PBXFileReference; lastKnownFileType = folder.assetcatalog; path = Assets.xcassets; sourceTree = "<group>"; };
		B01FA9B11ECB7F8900B77B5F /* Base */ = {isa = PBXFileReference; lastKnownFileType = file.storyboard; name = Base; path = Base.lproj/LaunchScreen.storyboard; sourceTree = "<group>"; };
		B01FA9B31ECB7F8900B77B5F /* Info.plist */ = {isa = PBXFileReference; lastKnownFileType = text.plist.xml; path = Info.plist; sourceTree = "<group>"; };
		B01FA9B81ECB7F8900B77B5F /* STHTests.xctest */ = {isa = PBXFileReference; explicitFileType = wrapper.cfbundle; includeInIndex = 0; path = STHTests.xctest; sourceTree = BUILT_PRODUCTS_DIR; };
		B01FA9BC1ECB7F8900B77B5F /* STHTests.swift */ = {isa = PBXFileReference; lastKnownFileType = sourcecode.swift; path = STHTests.swift; sourceTree = "<group>"; };
		B01FA9BE1ECB7F8900B77B5F /* Info.plist */ = {isa = PBXFileReference; lastKnownFileType = text.plist.xml; path = Info.plist; sourceTree = "<group>"; };
		B01FA9C31ECB7F8900B77B5F /* STHUITests.xctest */ = {isa = PBXFileReference; explicitFileType = wrapper.cfbundle; includeInIndex = 0; path = STHUITests.xctest; sourceTree = BUILT_PRODUCTS_DIR; };
		B01FA9C71ECB7F8900B77B5F /* STHUITests.swift */ = {isa = PBXFileReference; lastKnownFileType = sourcecode.swift; path = STHUITests.swift; sourceTree = "<group>"; };
		B01FA9C91ECB7F8900B77B5F /* Info.plist */ = {isa = PBXFileReference; lastKnownFileType = text.plist.xml; path = Info.plist; sourceTree = "<group>"; };
		B023F09C1EE44373009F8271 /* Running.atlas */ = {isa = PBXFileReference; lastKnownFileType = folder.skatlas; path = Running.atlas; sourceTree = "<group>"; };
		B098E9041F482A6C00EBB4BE /* Player.swift */ = {isa = PBXFileReference; fileEncoding = 4; lastKnownFileType = sourcecode.swift; path = Player.swift; sourceTree = "<group>"; };
		B098E9061F4835C600EBB4BE /* Foreground.swift */ = {isa = PBXFileReference; fileEncoding = 4; lastKnownFileType = sourcecode.swift; path = Foreground.swift; sourceTree = "<group>"; };
		B098E9081F4835D100EBB4BE /* Background.swift */ = {isa = PBXFileReference; fileEncoding = 4; lastKnownFileType = sourcecode.swift; path = Background.swift; sourceTree = "<group>"; };
/* End PBXFileReference section */

/* Begin PBXFrameworksBuildPhase section */
		B01FA99B1ECB7F8900B77B5F /* Frameworks */ = {
			isa = PBXFrameworksBuildPhase;
			buildActionMask = 2147483647;
			files = (
			);
			runOnlyForDeploymentPostprocessing = 0;
		};
		B01FA9B51ECB7F8900B77B5F /* Frameworks */ = {
			isa = PBXFrameworksBuildPhase;
			buildActionMask = 2147483647;
			files = (
			);
			runOnlyForDeploymentPostprocessing = 0;
		};
		B01FA9C01ECB7F8900B77B5F /* Frameworks */ = {
			isa = PBXFrameworksBuildPhase;
			buildActionMask = 2147483647;
			files = (
			);
			runOnlyForDeploymentPostprocessing = 0;
		};
/* End PBXFrameworksBuildPhase section */

/* Begin PBXGroup section */
		B01FA9951ECB7F8900B77B5F = {
			isa = PBXGroup;
			children = (
				B01FA9A01ECB7F8900B77B5F /* STH */,
				B01FA9BB1ECB7F8900B77B5F /* STHTests */,
				B01FA9C61ECB7F8900B77B5F /* STHUITests */,
				B01FA99F1ECB7F8900B77B5F /* Products */,
			);
			sourceTree = "<group>";
		};
		B01FA99F1ECB7F8900B77B5F /* Products */ = {
			isa = PBXGroup;
			children = (
				B01FA99E1ECB7F8900B77B5F /* STH.app */,
				B01FA9B81ECB7F8900B77B5F /* STHTests.xctest */,
				B01FA9C31ECB7F8900B77B5F /* STHUITests.xctest */,
			);
			name = Products;
			sourceTree = "<group>";
		};
		B01FA9A01ECB7F8900B77B5F /* STH */ = {
			isa = PBXGroup;
			children = (
				B098E90B1F4835F400EBB4BE /* SKNodes */,
				B098E90A1F4835E800EBB4BE /* Scenes */,
				B01FA9A11ECB7F8900B77B5F /* AppDelegate.swift */,
				B023F09C1EE44373009F8271 /* Running.atlas */,
				B01FA9A91ECB7F8900B77B5F /* GameViewController.swift */,
				B01FA9AB1ECB7F8900B77B5F /* Main.storyboard */,
				B01FA9AE1ECB7F8900B77B5F /* Assets.xcassets */,
				B01FA9B01ECB7F8900B77B5F /* LaunchScreen.storyboard */,
				B01FA9B31ECB7F8900B77B5F /* Info.plist */,
			);
			path = STH;
			sourceTree = "<group>";
		};
		B01FA9BB1ECB7F8900B77B5F /* STHTests */ = {
			isa = PBXGroup;
			children = (
				B01FA9BC1ECB7F8900B77B5F /* STHTests.swift */,
				B01FA9BE1ECB7F8900B77B5F /* Info.plist */,
			);
			path = STHTests;
			sourceTree = "<group>";
		};
		B01FA9C61ECB7F8900B77B5F /* STHUITests */ = {
			isa = PBXGroup;
			children = (
				B01FA9C71ECB7F8900B77B5F /* STHUITests.swift */,
				B01FA9C91ECB7F8900B77B5F /* Info.plist */,
			);
			path = STHUITests;
			sourceTree = "<group>";
		};
		B098E90A1F4835E800EBB4BE /* Scenes */ = {
			isa = PBXGroup;
			children = (
				B01FA9A71ECB7F8900B77B5F /* GameScene.swift */,
			);
			name = Scenes;
			sourceTree = "<group>";
		};
		B098E90B1F4835F400EBB4BE /* SKNodes */ = {
			isa = PBXGroup;
			children = (
				B098E9041F482A6C00EBB4BE /* Player.swift */,
				B098E9061F4835C600EBB4BE /* Foreground.swift */,
				B098E9081F4835D100EBB4BE /* Background.swift */,
			);
			name = SKNodes;
			sourceTree = "<group>";
		};
/* End PBXGroup section */

/* Begin PBXNativeTarget section */
		B01FA99D1ECB7F8900B77B5F /* STH */ = {
			isa = PBXNativeTarget;
			buildConfigurationList = B01FA9CC1ECB7F8900B77B5F /* Build configuration list for PBXNativeTarget "STH" */;
			buildPhases = (
				B01FA99A1ECB7F8900B77B5F /* Sources */,
				B01FA99B1ECB7F8900B77B5F /* Frameworks */,
				B01FA99C1ECB7F8900B77B5F /* Resources */,
			);
			buildRules = (
			);
			dependencies = (
			);
			name = STH;
			productName = STH;
			productReference = B01FA99E1ECB7F8900B77B5F /* STH.app */;
			productType = "com.apple.product-type.application";
		};
		B01FA9B71ECB7F8900B77B5F /* STHTests */ = {
			isa = PBXNativeTarget;
			buildConfigurationList = B01FA9CF1ECB7F8900B77B5F /* Build configuration list for PBXNativeTarget "STHTests" */;
			buildPhases = (
				B01FA9B41ECB7F8900B77B5F /* Sources */,
				B01FA9B51ECB7F8900B77B5F /* Frameworks */,
				B01FA9B61ECB7F8900B77B5F /* Resources */,
			);
			buildRules = (
			);
			dependencies = (
				B01FA9BA1ECB7F8900B77B5F /* PBXTargetDependency */,
			);
			name = STHTests;
			productName = STHTests;
			productReference = B01FA9B81ECB7F8900B77B5F /* STHTests.xctest */;
			productType = "com.apple.product-type.bundle.unit-test";
		};
		B01FA9C21ECB7F8900B77B5F /* STHUITests */ = {
			isa = PBXNativeTarget;
			buildConfigurationList = B01FA9D21ECB7F8900B77B5F /* Build configuration list for PBXNativeTarget "STHUITests" */;
			buildPhases = (
				B01FA9BF1ECB7F8900B77B5F /* Sources */,
				B01FA9C01ECB7F8900B77B5F /* Frameworks */,
				B01FA9C11ECB7F8900B77B5F /* Resources */,
			);
			buildRules = (
			);
			dependencies = (
				B01FA9C51ECB7F8900B77B5F /* PBXTargetDependency */,
			);
			name = STHUITests;
			productName = STHUITests;
			productReference = B01FA9C31ECB7F8900B77B5F /* STHUITests.xctest */;
			productType = "com.apple.product-type.bundle.ui-testing";
		};
/* End PBXNativeTarget section */

/* Begin PBXProject section */
		B01FA9961ECB7F8900B77B5F /* Project object */ = {
			isa = PBXProject;
			attributes = {
				LastSwiftUpdateCheck = 0830;
				LastUpgradeCheck = 0830;
				ORGANIZATIONNAME = "Wannes Bouwen";
				TargetAttributes = {
					B01FA99D1ECB7F8900B77B5F = {
						CreatedOnToolsVersion = 8.3.2;
						DevelopmentTeam = GRG9484TDG;
						ProvisioningStyle = Automatic;
					};
					B01FA9B71ECB7F8900B77B5F = {
						CreatedOnToolsVersion = 8.3.2;
						ProvisioningStyle = Automatic;
						TestTargetID = B01FA99D1ECB7F8900B77B5F;
					};
					B01FA9C21ECB7F8900B77B5F = {
						CreatedOnToolsVersion = 8.3.2;
						ProvisioningStyle = Automatic;
						TestTargetID = B01FA99D1ECB7F8900B77B5F;
					};
				};
			};
			buildConfigurationList = B01FA9991ECB7F8900B77B5F /* Build configuration list for PBXProject "STH" */;
			compatibilityVersion = "Xcode 3.2";
			developmentRegion = English;
			hasScannedForEncodings = 0;
			knownRegions = (
				en,
				Base,
			);
			mainGroup = B01FA9951ECB7F8900B77B5F;
			productRefGroup = B01FA99F1ECB7F8900B77B5F /* Products */;
			projectDirPath = "";
			projectRoot = "";
			targets = (
				B01FA99D1ECB7F8900B77B5F /* STH */,
				B01FA9B71ECB7F8900B77B5F /* STHTests */,
				B01FA9C21ECB7F8900B77B5F /* STHUITests */,
			);
		};
/* End PBXProject section */

/* Begin PBXResourcesBuildPhase section */
		B01FA99C1ECB7F8900B77B5F /* Resources */ = {
			isa = PBXResourcesBuildPhase;
			buildActionMask = 2147483647;
			files = (
				B01FA9AD1ECB7F8900B77B5F /* Main.storyboard in Resources */,
				B023F09D1EE44373009F8271 /* Running.atlas in Resources */,
				B01FA9AF1ECB7F8900B77B5F /* Assets.xcassets in Resources */,
				B01FA9B21ECB7F8900B77B5F /* LaunchScreen.storyboard in Resources */,
			);
			runOnlyForDeploymentPostprocessing = 0;
		};
		B01FA9B61ECB7F8900B77B5F /* Resources */ = {
			isa = PBXResourcesBuildPhase;
			buildActionMask = 2147483647;
			files = (
			);
			runOnlyForDeploymentPostprocessing = 0;
		};
		B01FA9C11ECB7F8900B77B5F /* Resources */ = {
			isa = PBXResourcesBuildPhase;
			buildActionMask = 2147483647;
			files = (
			);
			runOnlyForDeploymentPostprocessing = 0;
		};
/* End PBXResourcesBuildPhase section */

/* Begin PBXSourcesBuildPhase section */
		B01FA99A1ECB7F8900B77B5F /* Sources */ = {
			isa = PBXSourcesBuildPhase;
			buildActionMask = 2147483647;
			files = (
				B098E9051F482A6C00EBB4BE /* Player.swift in Sources */,
				B01FA9A81ECB7F8900B77B5F /* GameScene.swift in Sources */,
				B098E9071F4835C600EBB4BE /* Foreground.swift in Sources */,
				B01FA9AA1ECB7F8900B77B5F /* GameViewController.swift in Sources */,
				B01FA9A21ECB7F8900B77B5F /* AppDelegate.swift in Sources */,
				B098E9091F4835D100EBB4BE /* Background.swift in Sources */,
			);
			runOnlyForDeploymentPostprocessing = 0;
		};
		B01FA9B41ECB7F8900B77B5F /* Sources */ = {
			isa = PBXSourcesBuildPhase;
			buildActionMask = 2147483647;
			files = (
				B01FA9BD1ECB7F8900B77B5F /* STHTests.swift in Sources */,
			);
			runOnlyForDeploymentPostprocessing = 0;
		};
		B01FA9BF1ECB7F8900B77B5F /* Sources */ = {
			isa = PBXSourcesBuildPhase;
			buildActionMask = 2147483647;
			files = (
				B01FA9C81ECB7F8900B77B5F /* STHUITests.swift in Sources */,
			);
			runOnlyForDeploymentPostprocessing = 0;
		};
/* End PBXSourcesBuildPhase section */

/* Begin PBXTargetDependency section */
		B01FA9BA1ECB7F8900B77B5F /* PBXTargetDependency */ = {
			isa = PBXTargetDependency;
			target = B01FA99D1ECB7F8900B77B5F /* STH */;
			targetProxy = B01FA9B91ECB7F8900B77B5F /* PBXContainerItemProxy */;
		};
		B01FA9C51ECB7F8900B77B5F /* PBXTargetDependency */ = {
			isa = PBXTargetDependency;
			target = B01FA99D1ECB7F8900B77B5F /* STH */;
			targetProxy = B01FA9C41ECB7F8900B77B5F /* PBXContainerItemProxy */;
		};
/* End PBXTargetDependency section */

/* Begin PBXVariantGroup section */
		B01FA9AB1ECB7F8900B77B5F /* Main.storyboard */ = {
			isa = PBXVariantGroup;
			children = (
				B01FA9AC1ECB7F8900B77B5F /* Base */,
			);
			name = Main.storyboard;
			sourceTree = "<group>";
		};
		B01FA9B01ECB7F8900B77B5F /* LaunchScreen.storyboard */ = {
			isa = PBXVariantGroup;
			children = (
				B01FA9B11ECB7F8900B77B5F /* Base */,
			);
			name = LaunchScreen.storyboard;
			sourceTree = "<group>";
		};
/* End PBXVariantGroup section */

/* Begin XCBuildConfiguration section */
		B01FA9CA1ECB7F8900B77B5F /* Debug */ = {
			isa = XCBuildConfiguration;
			buildSettings = {
				ALWAYS_SEARCH_USER_PATHS = NO;
				CLANG_ANALYZER_NONNULL = YES;
				CLANG_ANALYZER_NUMBER_OBJECT_CONVERSION = YES_AGGRESSIVE;
				CLANG_CXX_LANGUAGE_STANDARD = "gnu++0x";
				CLANG_CXX_LIBRARY = "libc++";
				CLANG_ENABLE_MODULES = YES;
				CLANG_ENABLE_OBJC_ARC = YES;
				CLANG_WARN_BOOL_CONVERSION = YES;
				CLANG_WARN_CONSTANT_CONVERSION = YES;
				CLANG_WARN_DIRECT_OBJC_ISA_USAGE = YES_ERROR;
				CLANG_WARN_DOCUMENTATION_COMMENTS = YES;
				CLANG_WARN_EMPTY_BODY = YES;
				CLANG_WARN_ENUM_CONVERSION = YES;
				CLANG_WARN_INFINITE_RECURSION = YES;
				CLANG_WARN_INT_CONVERSION = YES;
				CLANG_WARN_OBJC_ROOT_CLASS = YES_ERROR;
				CLANG_WARN_SUSPICIOUS_MOVE = YES;
				CLANG_WARN_UNREACHABLE_CODE = YES;
				CLANG_WARN__DUPLICATE_METHOD_MATCH = YES;
				"CODE_SIGN_IDENTITY[sdk=iphoneos*]" = "iPhone Developer";
				COPY_PHASE_STRIP = NO;
				DEBUG_INFORMATION_FORMAT = dwarf;
				ENABLE_STRICT_OBJC_MSGSEND = YES;
				ENABLE_TESTABILITY = YES;
				GCC_C_LANGUAGE_STANDARD = gnu99;
				GCC_DYNAMIC_NO_PIC = NO;
				GCC_NO_COMMON_BLOCKS = YES;
				GCC_OPTIMIZATION_LEVEL = 0;
				GCC_PREPROCESSOR_DEFINITIONS = (
					"DEBUG=1",
					"$(inherited)",
				);
				GCC_WARN_64_TO_32_BIT_CONVERSION = YES;
				GCC_WARN_ABOUT_RETURN_TYPE = YES_ERROR;
				GCC_WARN_UNDECLARED_SELECTOR = YES;
				GCC_WARN_UNINITIALIZED_AUTOS = YES_AGGRESSIVE;
				GCC_WARN_UNUSED_FUNCTION = YES;
				GCC_WARN_UNUSED_VARIABLE = YES;
				IPHONEOS_DEPLOYMENT_TARGET = 10.3;
				MTL_ENABLE_DEBUG_INFO = YES;
				ONLY_ACTIVE_ARCH = YES;
				SDKROOT = iphoneos;
				SWIFT_ACTIVE_COMPILATION_CONDITIONS = DEBUG;
				SWIFT_OPTIMIZATION_LEVEL = "-Onone";
				TARGETED_DEVICE_FAMILY = "1,2";
			};
			name = Debug;
		};
		B01FA9CB1ECB7F8900B77B5F /* Release */ = {
			isa = XCBuildConfiguration;
			buildSettings = {
				ALWAYS_SEARCH_USER_PATHS = NO;
				CLANG_ANALYZER_NONNULL = YES;
				CLANG_ANALYZER_NUMBER_OBJECT_CONVERSION = YES_AGGRESSIVE;
				CLANG_CXX_LANGUAGE_STANDARD = "gnu++0x";
				CLANG_CXX_LIBRARY = "libc++";
				CLANG_ENABLE_MODULES = YES;
				CLANG_ENABLE_OBJC_ARC = YES;
				CLANG_WARN_BOOL_CONVERSION = YES;
				CLANG_WARN_CONSTANT_CONVERSION = YES;
				CLANG_WARN_DIRECT_OBJC_ISA_USAGE = YES_ERROR;
				CLANG_WARN_DOCUMENTATION_COMMENTS = YES;
				CLANG_WARN_EMPTY_BODY = YES;
				CLANG_WARN_ENUM_CONVERSION = YES;
				CLANG_WARN_INFINITE_RECURSION = YES;
				CLANG_WARN_INT_CONVERSION = YES;
				CLANG_WARN_OBJC_ROOT_CLASS = YES_ERROR;
				CLANG_WARN_SUSPICIOUS_MOVE = YES;
				CLANG_WARN_UNREACHABLE_CODE = YES;
				CLANG_WARN__DUPLICATE_METHOD_MATCH = YES;
				"CODE_SIGN_IDENTITY[sdk=iphoneos*]" = "iPhone Developer";
				COPY_PHASE_STRIP = NO;
				DEBUG_INFORMATION_FORMAT = "dwarf-with-dsym";
				ENABLE_NS_ASSERTIONS = NO;
				ENABLE_STRICT_OBJC_MSGSEND = YES;
				GCC_C_LANGUAGE_STANDARD = gnu99;
				GCC_NO_COMMON_BLOCKS = YES;
				GCC_WARN_64_TO_32_BIT_CONVERSION = YES;
				GCC_WARN_ABOUT_RETURN_TYPE = YES_ERROR;
				GCC_WARN_UNDECLARED_SELECTOR = YES;
				GCC_WARN_UNINITIALIZED_AUTOS = YES_AGGRESSIVE;
				GCC_WARN_UNUSED_FUNCTION = YES;
				GCC_WARN_UNUSED_VARIABLE = YES;
				IPHONEOS_DEPLOYMENT_TARGET = 10.3;
				MTL_ENABLE_DEBUG_INFO = NO;
				SDKROOT = iphoneos;
				SWIFT_OPTIMIZATION_LEVEL = "-Owholemodule";
				TARGETED_DEVICE_FAMILY = "1,2";
				VALIDATE_PRODUCT = YES;
			};
			name = Release;
		};
		B01FA9CD1ECB7F8900B77B5F /* Debug */ = {
			isa = XCBuildConfiguration;
			buildSettings = {
				ASSETCATALOG_COMPILER_APPICON_NAME = AppIcon;
				DEVELOPMENT_TEAM = GRG9484TDG;
				INFOPLIST_FILE = STH/Info.plist;
				IPHONEOS_DEPLOYMENT_TARGET = 9.3;
				LD_RUNPATH_SEARCH_PATHS = "$(inherited) @executable_path/Frameworks";
				PRODUCT_BUNDLE_IDENTIFIER = com.wannesbouwen.STH;
				PRODUCT_NAME = "$(TARGET_NAME)";
				SWIFT_VERSION = 3.0;
			};
			name = Debug;
		};
		B01FA9CE1ECB7F8900B77B5F /* Release */ = {
			isa = XCBuildConfiguration;
			buildSettings = {
				ASSETCATALOG_COMPILER_APPICON_NAME = AppIcon;
				DEVELOPMENT_TEAM = GRG9484TDG;
				INFOPLIST_FILE = STH/Info.plist;
				IPHONEOS_DEPLOYMENT_TARGET = 9.3;
				LD_RUNPATH_SEARCH_PATHS = "$(inherited) @executable_path/Frameworks";
				PRODUCT_BUNDLE_IDENTIFIER = com.wannesbouwen.STH;
				PRODUCT_NAME = "$(TARGET_NAME)";
				SWIFT_VERSION = 3.0;
			};
			name = Release;
		};
		B01FA9D01ECB7F8900B77B5F /* Debug */ = {
			isa = XCBuildConfiguration;
			buildSettings = {
				ALWAYS_EMBED_SWIFT_STANDARD_LIBRARIES = YES;
				BUNDLE_LOADER = "$(TEST_HOST)";
				INFOPLIST_FILE = STHTests/Info.plist;
				LD_RUNPATH_SEARCH_PATHS = "$(inherited) @executable_path/Frameworks @loader_path/Frameworks";
				PRODUCT_BUNDLE_IDENTIFIER = com.wannesbouwen.STHTests;
				PRODUCT_NAME = "$(TARGET_NAME)";
				SWIFT_VERSION = 3.0;
				TEST_HOST = "$(BUILT_PRODUCTS_DIR)/STH.app/STH";
			};
			name = Debug;
		};
		B01FA9D11ECB7F8900B77B5F /* Release */ = {
			isa = XCBuildConfiguration;
			buildSettings = {
				ALWAYS_EMBED_SWIFT_STANDARD_LIBRARIES = YES;
				BUNDLE_LOADER = "$(TEST_HOST)";
				INFOPLIST_FILE = STHTests/Info.plist;
				LD_RUNPATH_SEARCH_PATHS = "$(inherited) @executable_path/Frameworks @loader_path/Frameworks";
				PRODUCT_BUNDLE_IDENTIFIER = com.wannesbouwen.STHTests;
				PRODUCT_NAME = "$(TARGET_NAME)";
				SWIFT_VERSION = 3.0;
				TEST_HOST = "$(BUILT_PRODUCTS_DIR)/STH.app/STH";
			};
			name = Release;
		};
		B01FA9D31ECB7F8900B77B5F /* Debug */ = {
			isa = XCBuildConfiguration;
			buildSettings = {
				ALWAYS_EMBED_SWIFT_STANDARD_LIBRARIES = YES;
				INFOPLIST_FILE = STHUITests/Info.plist;
				LD_RUNPATH_SEARCH_PATHS = "$(inherited) @executable_path/Frameworks @loader_path/Frameworks";
				PRODUCT_BUNDLE_IDENTIFIER = com.wannesbouwen.STHUITests;
				PRODUCT_NAME = "$(TARGET_NAME)";
				SWIFT_VERSION = 3.0;
				TEST_TARGET_NAME = STH;
			};
			name = Debug;
		};
		B01FA9D41ECB7F8900B77B5F /* Release */ = {
			isa = XCBuildConfiguration;
			buildSettings = {
				ALWAYS_EMBED_SWIFT_STANDARD_LIBRARIES = YES;
				INFOPLIST_FILE = STHUITests/Info.plist;
				LD_RUNPATH_SEARCH_PATHS = "$(inherited) @executable_path/Frameworks @loader_path/Frameworks";
				PRODUCT_BUNDLE_IDENTIFIER = com.wannesbouwen.STHUITests;
				PRODUCT_NAME = "$(TARGET_NAME)";
				SWIFT_VERSION = 3.0;
				TEST_TARGET_NAME = STH;
			};
			name = Release;
		};
/* End XCBuildConfiguration section */

/* Begin XCConfigurationList section */
		B01FA9991ECB7F8900B77B5F /* Build configuration list for PBXProject "STH" */ = {
			isa = XCConfigurationList;
			buildConfigurations = (
				B01FA9CA1ECB7F8900B77B5F /* Debug */,
				B01FA9CB1ECB7F8900B77B5F /* Release */,
			);
			defaultConfigurationIsVisible = 0;
			defaultConfigurationName = Release;
		};
		B01FA9CC1ECB7F8900B77B5F /* Build configuration list for PBXNativeTarget "STH" */ = {
			isa = XCConfigurationList;
			buildConfigurations = (
				B01FA9CD1ECB7F8900B77B5F /* Debug */,
				B01FA9CE1ECB7F8900B77B5F /* Release */,
			);
			defaultConfigurationIsVisible = 0;
			defaultConfigurationName = Release;
		};
		B01FA9CF1ECB7F8900B77B5F /* Build configuration list for PBXNativeTarget "STHTests" */ = {
			isa = XCConfigurationList;
			buildConfigurations = (
				B01FA9D01ECB7F8900B77B5F /* Debug */,
				B01FA9D11ECB7F8900B77B5F /* Release */,
			);
			defaultConfigurationIsVisible = 0;
			defaultConfigurationName = Release;
		};
		B01FA9D21ECB7F8900B77B5F /* Build configuration list for PBXNativeTarget "STHUITests" */ = {
			isa = XCConfigurationList;
			buildConfigurations = (
				B01FA9D31ECB7F8900B77B5F /* Debug */,
				B01FA9D41ECB7F8900B77B5F /* Release */,
			);
			defaultConfigurationIsVisible = 0;
			defaultConfigurationName = Release;
		};
/* End XCConfigurationList section */
	};
	rootObject = B01FA9961ECB7F8900B77B5F /* Project object */;
}
